// !$*UTF8*$!
{
	archiveVersion = 1;
	classes = {
	};
	objectVersion = 56;
	objects = {

/* Begin PBXBuildFile section */
		3FCFA11B2C9093F0001CBD5D /* linking3App.swift in Sources */ = {isa = PBXBuildFile; fileRef = 3FCFA11A2C9093F0001CBD5D /* linking3App.swift */; };
		3FCFA11D2C9093F0001CBD5D /* ContentView.swift in Sources */ = {isa = PBXBuildFile; fileRef = 3FCFA11C2C9093F0001CBD5D /* ContentView.swift */; };
		3FCFA11F2C9093F1001CBD5D /* Assets.xcassets in Resources */ = {isa = PBXBuildFile; fileRef = 3FCFA11E2C9093F1001CBD5D /* Assets.xcassets */; };
		3FCFA1222C9093F1001CBD5D /* Preview Assets.xcassets in Resources */ = {isa = PBXBuildFile; fileRef = 3FCFA1212C9093F1001CBD5D /* Preview Assets.xcassets */; };
		3FCFA12C2C9093F1001CBD5D /* linking3Tests.swift in Sources */ = {isa = PBXBuildFile; fileRef = 3FCFA12B2C9093F1001CBD5D /* linking3Tests.swift */; };
		3FCFA1362C9093F1001CBD5D /* linking3UITests.swift in Sources */ = {isa = PBXBuildFile; fileRef = 3FCFA1352C9093F1001CBD5D /* linking3UITests.swift */; };
		3FCFA1382C9093F1001CBD5D /* linking3UITestsLaunchTests.swift in Sources */ = {isa = PBXBuildFile; fileRef = 3FCFA1372C9093F1001CBD5D /* linking3UITestsLaunchTests.swift */; };
/* End PBXBuildFile section */

/* Begin PBXContainerItemProxy section */
		3FCFA1282C9093F1001CBD5D /* PBXContainerItemProxy */ = {
			isa = PBXContainerItemProxy;
			containerPortal = 3FCFA10F2C9093F0001CBD5D /* Project object */;
			proxyType = 1;
			remoteGlobalIDString = 3FCFA1162C9093F0001CBD5D;
			remoteInfo = linking3;
		};
		3FCFA1322C9093F1001CBD5D /* PBXContainerItemProxy */ = {
			isa = PBXContainerItemProxy;
			containerPortal = 3FCFA10F2C9093F0001CBD5D /* Project object */;
			proxyType = 1;
			remoteGlobalIDString = 3FCFA1162C9093F0001CBD5D;
			remoteInfo = linking3;
		};
/* End PBXContainerItemProxy section */

/* Begin PBXFileReference section */
		3FCFA1172C9093F0001CBD5D /* linking3.app */ = {isa = PBXFileReference; explicitFileType = wrapper.application; includeInIndex = 0; path = linking3.app; sourceTree = BUILT_PRODUCTS_DIR; };
		3FCFA11A2C9093F0001CBD5D /* linking3App.swift */ = {isa = PBXFileReference; lastKnownFileType = sourcecode.swift; path = linking3App.swift; sourceTree = "<group>"; };
		3FCFA11C2C9093F0001CBD5D /* ContentView.swift */ = {isa = PBXFileReference; lastKnownFileType = sourcecode.swift; path = ContentView.swift; sourceTree = "<group>"; };
		3FCFA11E2C9093F1001CBD5D /* Assets.xcassets */ = {isa = PBXFileReference; lastKnownFileType = folder.assetcatalog; path = Assets.xcassets; sourceTree = "<group>"; };
		3FCFA1212C9093F1001CBD5D /* Preview Assets.xcassets */ = {isa = PBXFileReference; lastKnownFileType = folder.assetcatalog; path = "Preview Assets.xcassets"; sourceTree = "<group>"; };
		3FCFA1272C9093F1001CBD5D /* linking3Tests.xctest */ = {isa = PBXFileReference; explicitFileType = wrapper.cfbundle; includeInIndex = 0; path = linking3Tests.xctest; sourceTree = BUILT_PRODUCTS_DIR; };
		3FCFA12B2C9093F1001CBD5D /* linking3Tests.swift */ = {isa = PBXFileReference; lastKnownFileType = sourcecode.swift; path = linking3Tests.swift; sourceTree = "<group>"; };
		3FCFA1312C9093F1001CBD5D /* linking3UITests.xctest */ = {isa = PBXFileReference; explicitFileType = wrapper.cfbundle; includeInIndex = 0; path = linking3UITests.xctest; sourceTree = BUILT_PRODUCTS_DIR; };
		3FCFA1352C9093F1001CBD5D /* linking3UITests.swift */ = {isa = PBXFileReference; lastKnownFileType = sourcecode.swift; path = linking3UITests.swift; sourceTree = "<group>"; };
		3FCFA1372C9093F1001CBD5D /* linking3UITestsLaunchTests.swift */ = {isa = PBXFileReference; lastKnownFileType = sourcecode.swift; path = linking3UITestsLaunchTests.swift; sourceTree = "<group>"; };
/* End PBXFileReference section */

/* Begin PBXFrameworksBuildPhase section */
		3FCFA1142C9093F0001CBD5D /* Frameworks */ = {
			isa = PBXFrameworksBuildPhase;
			buildActionMask = 2147483647;
			files = (
			);
			runOnlyForDeploymentPostprocessing = 0;
		};
		3FCFA1242C9093F1001CBD5D /* Frameworks */ = {
			isa = PBXFrameworksBuildPhase;
			buildActionMask = 2147483647;
			files = (
			);
			runOnlyForDeploymentPostprocessing = 0;
		};
		3FCFA12E2C9093F1001CBD5D /* Frameworks */ = {
			isa = PBXFrameworksBuildPhase;
			buildActionMask = 2147483647;
			files = (
			);
			runOnlyForDeploymentPostprocessing = 0;
		};
/* End PBXFrameworksBuildPhase section */

/* Begin PBXGroup section */
		3FCFA10E2C9093F0001CBD5D = {
			isa = PBXGroup;
			children = (
				3FCFA1192C9093F0001CBD5D /* linking3 */,
				3FCFA12A2C9093F1001CBD5D /* linking3Tests */,
				3FCFA1342C9093F1001CBD5D /* linking3UITests */,
				3FCFA1182C9093F0001CBD5D /* Products */,
			);
			sourceTree = "<group>";
		};
		3FCFA1182C9093F0001CBD5D /* Products */ = {
			isa = PBXGroup;
			children = (
				3FCFA1172C9093F0001CBD5D /* linking3.app */,
				3FCFA1272C9093F1001CBD5D /* linking3Tests.xctest */,
				3FCFA1312C9093F1001CBD5D /* linking3UITests.xctest */,
			);
			name = Products;
			sourceTree = "<group>";
		};
		3FCFA1192C9093F0001CBD5D /* linking3 */ = {
			isa = PBXGroup;
			children = (
				3FCFA11A2C9093F0001CBD5D /* linking3App.swift */,
				3FCFA11C2C9093F0001CBD5D /* ContentView.swift */,
				3FCFA11E2C9093F1001CBD5D /* Assets.xcassets */,
				3FCFA1202C9093F1001CBD5D /* Preview Content */,
			);
			path = linking3;
			sourceTree = "<group>";
		};
		3FCFA1202C9093F1001CBD5D /* Preview Content */ = {
			isa = PBXGroup;
			children = (
				3FCFA1212C9093F1001CBD5D /* Preview Assets.xcassets */,
			);
			path = "Preview Content";
			sourceTree = "<group>";
		};
		3FCFA12A2C9093F1001CBD5D /* linking3Tests */ = {
			isa = PBXGroup;
			children = (
				3FCFA12B2C9093F1001CBD5D /* linking3Tests.swift */,
			);
			path = linking3Tests;
			sourceTree = "<group>";
		};
		3FCFA1342C9093F1001CBD5D /* linking3UITests */ = {
			isa = PBXGroup;
			children = (
				3FCFA1352C9093F1001CBD5D /* linking3UITests.swift */,
				3FCFA1372C9093F1001CBD5D /* linking3UITestsLaunchTests.swift */,
			);
			path = linking3UITests;
			sourceTree = "<group>";
		};
/* End PBXGroup section */

/* Begin PBXNativeTarget section */
		3FCFA1162C9093F0001CBD5D /* linking3 */ = {
			isa = PBXNativeTarget;
			buildConfigurationList = 3FCFA13B2C9093F1001CBD5D /* Build configuration list for PBXNativeTarget "linking3" */;
			buildPhases = (
				3FCFA1132C9093F0001CBD5D /* Sources */,
				3FCFA1142C9093F0001CBD5D /* Frameworks */,
				3FCFA1152C9093F0001CBD5D /* Resources */,
			);
			buildRules = (
			);
			dependencies = (
			);
			name = linking3;
			productName = linking3;
			productReference = 3FCFA1172C9093F0001CBD5D /* linking3.app */;
			productType = "com.apple.product-type.application";
		};
		3FCFA1262C9093F1001CBD5D /* linking3Tests */ = {
			isa = PBXNativeTarget;
			buildConfigurationList = 3FCFA13E2C9093F1001CBD5D /* Build configuration list for PBXNativeTarget "linking3Tests" */;
			buildPhases = (
				3FCFA1232C9093F1001CBD5D /* Sources */,
				3FCFA1242C9093F1001CBD5D /* Frameworks */,
				3FCFA1252C9093F1001CBD5D /* Resources */,
			);
			buildRules = (
			);
			dependencies = (
				3FCFA1292C9093F1001CBD5D /* PBXTargetDependency */,
			);
			name = linking3Tests;
			productName = linking3Tests;
			productReference = 3FCFA1272C9093F1001CBD5D /* linking3Tests.xctest */;
			productType = "com.apple.product-type.bundle.unit-test";
		};
		3FCFA1302C9093F1001CBD5D /* linking3UITests */ = {
			isa = PBXNativeTarget;
			buildConfigurationList = 3FCFA1412C9093F1001CBD5D /* Build configuration list for PBXNativeTarget "linking3UITests" */;
			buildPhases = (
				3FCFA12D2C9093F1001CBD5D /* Sources */,
				3FCFA12E2C9093F1001CBD5D /* Frameworks */,
				3FCFA12F2C9093F1001CBD5D /* Resources */,
			);
			buildRules = (
			);
			dependencies = (
				3FCFA1332C9093F1001CBD5D /* PBXTargetDependency */,
			);
			name = linking3UITests;
			productName = linking3UITests;
			productReference = 3FCFA1312C9093F1001CBD5D /* linking3UITests.xctest */;
			productType = "com.apple.product-type.bundle.ui-testing";
		};
/* End PBXNativeTarget section */

/* Begin PBXProject section */
		3FCFA10F2C9093F0001CBD5D /* Project object */ = {
			isa = PBXProject;
			attributes = {
				BuildIndependentTargetsInParallel = 1;
				LastSwiftUpdateCheck = 1540;
				LastUpgradeCheck = 1540;
				TargetAttributes = {
					3FCFA1162C9093F0001CBD5D = {
						CreatedOnToolsVersion = 15.4;
					};
					3FCFA1262C9093F1001CBD5D = {
						CreatedOnToolsVersion = 15.4;
						TestTargetID = 3FCFA1162C9093F0001CBD5D;
					};
					3FCFA1302C9093F1001CBD5D = {
						CreatedOnToolsVersion = 15.4;
						TestTargetID = 3FCFA1162C9093F0001CBD5D;
					};
				};
			};
			buildConfigurationList = 3FCFA1122C9093F0001CBD5D /* Build configuration list for PBXProject "linking3" */;
			compatibilityVersion = "Xcode 14.0";
			developmentRegion = en;
			hasScannedForEncodings = 0;
			knownRegions = (
				en,
				Base,
			);
			mainGroup = 3FCFA10E2C9093F0001CBD5D;
			productRefGroup = 3FCFA1182C9093F0001CBD5D /* Products */;
			projectDirPath = "";
			projectRoot = "";
			targets = (
				3FCFA1162C9093F0001CBD5D /* linking3 */,
				3FCFA1262C9093F1001CBD5D /* linking3Tests */,
				3FCFA1302C9093F1001CBD5D /* linking3UITests */,
			);
		};
/* End PBXProject section */

/* Begin PBXResourcesBuildPhase section */
		3FCFA1152C9093F0001CBD5D /* Resources */ = {
			isa = PBXResourcesBuildPhase;
			buildActionMask = 2147483647;
			files = (
				3FCFA1222C9093F1001CBD5D /* Preview Assets.xcassets in Resources */,
				3FCFA11F2C9093F1001CBD5D /* Assets.xcassets in Resources */,
			);
			runOnlyForDeploymentPostprocessing = 0;
		};
		3FCFA1252C9093F1001CBD5D /* Resources */ = {
			isa = PBXResourcesBuildPhase;
			buildActionMask = 2147483647;
			files = (
			);
			runOnlyForDeploymentPostprocessing = 0;
		};
		3FCFA12F2C9093F1001CBD5D /* Resources */ = {
			isa = PBXResourcesBuildPhase;
			buildActionMask = 2147483647;
			files = (
			);
			runOnlyForDeploymentPostprocessing = 0;
		};
/* End PBXResourcesBuildPhase section */

/* Begin PBXSourcesBuildPhase section */
		3FCFA1132C9093F0001CBD5D /* Sources */ = {
			isa = PBXSourcesBuildPhase;
			buildActionMask = 2147483647;
			files = (
				3FCFA11D2C9093F0001CBD5D /* ContentView.swift in Sources */,
				3FCFA11B2C9093F0001CBD5D /* linking3App.swift in Sources */,
			);
			runOnlyForDeploymentPostprocessing = 0;
		};
		3FCFA1232C9093F1001CBD5D /* Sources */ = {
			isa = PBXSourcesBuildPhase;
			buildActionMask = 2147483647;
			files = (
				3FCFA12C2C9093F1001CBD5D /* linking3Tests.swift in Sources */,
			);
			runOnlyForDeploymentPostprocessing = 0;
		};
		3FCFA12D2C9093F1001CBD5D /* Sources */ = {
			isa = PBXSourcesBuildPhase;
			buildActionMask = 2147483647;
			files = (
				3FCFA1382C9093F1001CBD5D /* linking3UITestsLaunchTests.swift in Sources */,
				3FCFA1362C9093F1001CBD5D /* linking3UITests.swift in Sources */,
			);
			runOnlyForDeploymentPostprocessing = 0;
		};
/* End PBXSourcesBuildPhase section */

/* Begin PBXTargetDependency section */
		3FCFA1292C9093F1001CBD5D /* PBXTargetDependency */ = {
			isa = PBXTargetDependency;
			target = 3FCFA1162C9093F0001CBD5D /* linking3 */;
			targetProxy = 3FCFA1282C9093F1001CBD5D /* PBXContainerItemProxy */;
		};
		3FCFA1332C9093F1001CBD5D /* PBXTargetDependency */ = {
			isa = PBXTargetDependency;
			target = 3FCFA1162C9093F0001CBD5D /* linking3 */;
			targetProxy = 3FCFA1322C9093F1001CBD5D /* PBXContainerItemProxy */;
		};
/* End PBXTargetDependency section */

/* Begin XCBuildConfiguration section */
		3FCFA1392C9093F1001CBD5D /* Debug */ = {
			isa = XCBuildConfiguration;
			buildSettings = {
				ALWAYS_SEARCH_USER_PATHS = NO;
				ASSETCATALOG_COMPILER_GENERATE_SWIFT_ASSET_SYMBOL_EXTENSIONS = YES;
				CLANG_ANALYZER_NONNULL = YES;
				CLANG_ANALYZER_NUMBER_OBJECT_CONVERSION = YES_AGGRESSIVE;
				CLANG_CXX_LANGUAGE_STANDARD = "gnu++20";
				CLANG_ENABLE_MODULES = YES;
				CLANG_ENABLE_OBJC_ARC = YES;
				CLANG_ENABLE_OBJC_WEAK = YES;
				CLANG_WARN_BLOCK_CAPTURE_AUTORELEASING = YES;
				CLANG_WARN_BOOL_CONVERSION = YES;
				CLANG_WARN_COMMA = YES;
				CLANG_WARN_CONSTANT_CONVERSION = YES;
				CLANG_WARN_DEPRECATED_OBJC_IMPLEMENTATIONS = YES;
				CLANG_WARN_DIRECT_OBJC_ISA_USAGE = YES_ERROR;
				CLANG_WARN_DOCUMENTATION_COMMENTS = YES;
				CLANG_WARN_EMPTY_BODY = YES;
				CLANG_WARN_ENUM_CONVERSION = YES;
				CLANG_WARN_INFINITE_RECURSION = YES;
				CLANG_WARN_INT_CONVERSION = YES;
				CLANG_WARN_NON_LITERAL_NULL_CONVERSION = YES;
				CLANG_WARN_OBJC_IMPLICIT_RETAIN_SELF = YES;
				CLANG_WARN_OBJC_LITERAL_CONVERSION = YES;
				CLANG_WARN_OBJC_ROOT_CLASS = YES_ERROR;
				CLANG_WARN_QUOTED_INCLUDE_IN_FRAMEWORK_HEADER = YES;
				CLANG_WARN_RANGE_LOOP_ANALYSIS = YES;
				CLANG_WARN_STRICT_PROTOTYPES = YES;
				CLANG_WARN_SUSPICIOUS_MOVE = YES;
				CLANG_WARN_UNGUARDED_AVAILABILITY = YES_AGGRESSIVE;
				CLANG_WARN_UNREACHABLE_CODE = YES;
				CLANG_WARN__DUPLICATE_METHOD_MATCH = YES;
				COPY_PHASE_STRIP = NO;
				DEBUG_INFORMATION_FORMAT = dwarf;
				ENABLE_STRICT_OBJC_MSGSEND = YES;
				ENABLE_TESTABILITY = YES;
				ENABLE_USER_SCRIPT_SANDBOXING = YES;
				GCC_C_LANGUAGE_STANDARD = gnu17;
				GCC_DYNAMIC_NO_PIC = NO;
				GCC_NO_COMMON_BLOCKS = YES;
				GCC_OPTIMIZATION_LEVEL = 0;
				GCC_PREPROCESSOR_DEFINITIONS = (
					"DEBUG=1",
					"$(inherited)",
				);
				GCC_WARN_64_TO_32_BIT_CONVERSION = YES;
				GCC_WARN_ABOUT_RETURN_TYPE = YES_ERROR;
				GCC_WARN_UNDECLARED_SELECTOR = YES;
				GCC_WARN_UNINITIALIZED_AUTOS = YES_AGGRESSIVE;
				GCC_WARN_UNUSED_FUNCTION = YES;
				GCC_WARN_UNUSED_VARIABLE = YES;
				IPHONEOS_DEPLOYMENT_TARGET = 17.5;
				LOCALIZATION_PREFERS_STRING_CATALOGS = YES;
				MTL_ENABLE_DEBUG_INFO = INCLUDE_SOURCE;
				MTL_FAST_MATH = YES;
				ONLY_ACTIVE_ARCH = YES;
				SDKROOT = iphoneos;
				SWIFT_ACTIVE_COMPILATION_CONDITIONS = "DEBUG $(inherited)";
				SWIFT_OPTIMIZATION_LEVEL = "-Onone";
			};
			name = Debug;
		};
		3FCFA13A2C9093F1001CBD5D /* Release */ = {
			isa = XCBuildConfiguration;
			buildSettings = {
				ALWAYS_SEARCH_USER_PATHS = NO;
				ASSETCATALOG_COMPILER_GENERATE_SWIFT_ASSET_SYMBOL_EXTENSIONS = YES;
				CLANG_ANALYZER_NONNULL = YES;
				CLANG_ANALYZER_NUMBER_OBJECT_CONVERSION = YES_AGGRESSIVE;
				CLANG_CXX_LANGUAGE_STANDARD = "gnu++20";
				CLANG_ENABLE_MODULES = YES;
				CLANG_ENABLE_OBJC_ARC = YES;
				CLANG_ENABLE_OBJC_WEAK = YES;
				CLANG_WARN_BLOCK_CAPTURE_AUTORELEASING = YES;
				CLANG_WARN_BOOL_CONVERSION = YES;
				CLANG_WARN_COMMA = YES;
				CLANG_WARN_CONSTANT_CONVERSION = YES;
				CLANG_WARN_DEPRECATED_OBJC_IMPLEMENTATIONS = YES;
				CLANG_WARN_DIRECT_OBJC_ISA_USAGE = YES_ERROR;
				CLANG_WARN_DOCUMENTATION_COMMENTS = YES;
				CLANG_WARN_EMPTY_BODY = YES;
				CLANG_WARN_ENUM_CONVERSION = YES;
				CLANG_WARN_INFINITE_RECURSION = YES;
				CLANG_WARN_INT_CONVERSION = YES;
				CLANG_WARN_NON_LITERAL_NULL_CONVERSION = YES;
				CLANG_WARN_OBJC_IMPLICIT_RETAIN_SELF = YES;
				CLANG_WARN_OBJC_LITERAL_CONVERSION = YES;
				CLANG_WARN_OBJC_ROOT_CLASS = YES_ERROR;
				CLANG_WARN_QUOTED_INCLUDE_IN_FRAMEWORK_HEADER = YES;
				CLANG_WARN_RANGE_LOOP_ANALYSIS = YES;
				CLANG_WARN_STRICT_PROTOTYPES = YES;
				CLANG_WARN_SUSPICIOUS_MOVE = YES;
				CLANG_WARN_UNGUARDED_AVAILABILITY = YES_AGGRESSIVE;
				CLANG_WARN_UNREACHABLE_CODE = YES;
				CLANG_WARN__DUPLICATE_METHOD_MATCH = YES;
				COPY_PHASE_STRIP = NO;
				DEBUG_INFORMATION_FORMAT = "dwarf-with-dsym";
				ENABLE_NS_ASSERTIONS = NO;
				ENABLE_STRICT_OBJC_MSGSEND = YES;
				ENABLE_USER_SCRIPT_SANDBOXING = YES;
				GCC_C_LANGUAGE_STANDARD = gnu17;
				GCC_NO_COMMON_BLOCKS = YES;
				GCC_WARN_64_TO_32_BIT_CONVERSION = YES;
				GCC_WARN_ABOUT_RETURN_TYPE = YES_ERROR;
				GCC_WARN_UNDECLARED_SELECTOR = YES;
				GCC_WARN_UNINITIALIZED_AUTOS = YES_AGGRESSIVE;
				GCC_WARN_UNUSED_FUNCTION = YES;
				GCC_WARN_UNUSED_VARIABLE = YES;
				IPHONEOS_DEPLOYMENT_TARGET = 17.5;
				LOCALIZATION_PREFERS_STRING_CATALOGS = YES;
				MTL_ENABLE_DEBUG_INFO = NO;
				MTL_FAST_MATH = YES;
				SDKROOT = iphoneos;
				SWIFT_COMPILATION_MODE = wholemodule;
				VALIDATE_PRODUCT = YES;
			};
			name = Release;
		};
		3FCFA13C2C9093F1001CBD5D /* Debug */ = {
			isa = XCBuildConfiguration;
			buildSettings = {
				ASSETCATALOG_COMPILER_APPICON_NAME = AppIcon;
				ASSETCATALOG_COMPILER_GLOBAL_ACCENT_COLOR_NAME = AccentColor;
				CODE_SIGN_STYLE = Automatic;
				CURRENT_PROJECT_VERSION = 1;
				DEVELOPMENT_ASSET_PATHS = "\"linking3/Preview Content\"";
				DEVELOPMENT_TEAM = H5C69S73A4;
				ENABLE_PREVIEWS = YES;
				GENERATE_INFOPLIST_FILE = YES;
				INFOPLIST_KEY_UIApplicationSceneManifest_Generation = YES;
				INFOPLIST_KEY_UIApplicationSupportsIndirectInputEvents = YES;
				INFOPLIST_KEY_UILaunchScreen_Generation = YES;
				INFOPLIST_KEY_UISupportedInterfaceOrientations_iPad = "UIInterfaceOrientationPortrait UIInterfaceOrientationPortraitUpsideDown UIInterfaceOrientationLandscapeLeft UIInterfaceOrientationLandscapeRight";
				INFOPLIST_KEY_UISupportedInterfaceOrientations_iPhone = "UIInterfaceOrientationPortrait UIInterfaceOrientationLandscapeLeft UIInterfaceOrientationLandscapeRight";
				LD_RUNPATH_SEARCH_PATHS = (
					"$(inherited)",
					"@executable_path/Frameworks",
				);
				MARKETING_VERSION = 1.0;
				PRODUCT_BUNDLE_IDENTIFIER = com.example.kclay.linking3;
				PRODUCT_NAME = "$(TARGET_NAME)";
				SWIFT_EMIT_LOC_STRINGS = YES;
				SWIFT_VERSION = 5.0;
				TARGETED_DEVICE_FAMILY = "1,2";
			};
			name = Debug;
		};
		3FCFA13D2C9093F1001CBD5D /* Release */ = {
			isa = XCBuildConfiguration;
			buildSettings = {
				ASSETCATALOG_COMPILER_APPICON_NAME = AppIcon;
				ASSETCATALOG_COMPILER_GLOBAL_ACCENT_COLOR_NAME = AccentColor;
				CODE_SIGN_STYLE = Automatic;
				CURRENT_PROJECT_VERSION = 1;
				DEVELOPMENT_ASSET_PATHS = "\"linking3/Preview Content\"";
				DEVELOPMENT_TEAM = H5C69S73A4;
				ENABLE_PREVIEWS = YES;
				GENERATE_INFOPLIST_FILE = YES;
				INFOPLIST_KEY_UIApplicationSceneManifest_Generation = YES;
				INFOPLIST_KEY_UIApplicationSupportsIndirectInputEvents = YES;
				INFOPLIST_KEY_UILaunchScreen_Generation = YES;
				INFOPLIST_KEY_UISupportedInterfaceOrientations_iPad = "UIInterfaceOrientationPortrait UIInterfaceOrientationPortraitUpsideDown UIInterfaceOrientationLandscapeLeft UIInterfaceOrientationLandscapeRight";
				INFOPLIST_KEY_UISupportedInterfaceOrientations_iPhone = "UIInterfaceOrientationPortrait UIInterfaceOrientationLandscapeLeft UIInterfaceOrientationLandscapeRight";
				LD_RUNPATH_SEARCH_PATHS = (
					"$(inherited)",
					"@executable_path/Frameworks",
				);
				MARKETING_VERSION = 1.0;
				PRODUCT_BUNDLE_IDENTIFIER = com.example.kclay.linking3;
				PRODUCT_NAME = "$(TARGET_NAME)";
				SWIFT_EMIT_LOC_STRINGS = YES;
				SWIFT_VERSION = 5.0;
				TARGETED_DEVICE_FAMILY = "1,2";
			};
			name = Release;
		};
		3FCFA13F2C9093F1001CBD5D /* Debug */ = {
			isa = XCBuildConfiguration;
			buildSettings = {
				ALWAYS_EMBED_SWIFT_STANDARD_LIBRARIES = YES;
				BUNDLE_LOADER = "$(TEST_HOST)";
				CODE_SIGN_STYLE = Automatic;
				CURRENT_PROJECT_VERSION = 1;
				DEVELOPMENT_TEAM = H5C69S73A4;
				GENERATE_INFOPLIST_FILE = YES;
				IPHONEOS_DEPLOYMENT_TARGET = 17.5;
				MARKETING_VERSION = 1.0;
				PRODUCT_BUNDLE_IDENTIFIER = com.example.kclay.linking3Tests;
				PRODUCT_NAME = "$(TARGET_NAME)";
				SWIFT_EMIT_LOC_STRINGS = NO;
				SWIFT_VERSION = 5.0;
				TARGETED_DEVICE_FAMILY = "1,2";
				TEST_HOST = "$(BUILT_PRODUCTS_DIR)/linking3.app/$(BUNDLE_EXECUTABLE_FOLDER_PATH)/linking3";
			};
			name = Debug;
		};
		3FCFA1402C9093F1001CBD5D /* Release */ = {
			isa = XCBuildConfiguration;
			buildSettings = {
				ALWAYS_EMBED_SWIFT_STANDARD_LIBRARIES = YES;
				BUNDLE_LOADER = "$(TEST_HOST)";
				CODE_SIGN_STYLE = Automatic;
				CURRENT_PROJECT_VERSION = 1;
				DEVELOPMENT_TEAM = H5C69S73A4;
				GENERATE_INFOPLIST_FILE = YES;
				IPHONEOS_DEPLOYMENT_TARGET = 17.5;
				MARKETING_VERSION = 1.0;
				PRODUCT_BUNDLE_IDENTIFIER = com.example.kclay.linking3Tests;
				PRODUCT_NAME = "$(TARGET_NAME)";
				SWIFT_EMIT_LOC_STRINGS = NO;
				SWIFT_VERSION = 5.0;
				TARGETED_DEVICE_FAMILY = "1,2";
				TEST_HOST = "$(BUILT_PRODUCTS_DIR)/linking3.app/$(BUNDLE_EXECUTABLE_FOLDER_PATH)/linking3";
			};
			name = Release;
		};
		3FCFA1422C9093F1001CBD5D /* Debug */ = {
			isa = XCBuildConfiguration;
			buildSettings = {
				ALWAYS_EMBED_SWIFT_STANDARD_LIBRARIES = YES;
				CODE_SIGN_STYLE = Automatic;
				CURRENT_PROJECT_VERSION = 1;
				DEVELOPMENT_TEAM = H5C69S73A4;
				GENERATE_INFOPLIST_FILE = YES;
				MARKETING_VERSION = 1.0;
				PRODUCT_BUNDLE_IDENTIFIER = com.example.kclay.linking3UITests;
				PRODUCT_NAME = "$(TARGET_NAME)";
				SWIFT_EMIT_LOC_STRINGS = NO;
				SWIFT_VERSION = 5.0;
				TARGETED_DEVICE_FAMILY = "1,2";
				TEST_TARGET_NAME = linking3;
			};
			name = Debug;
		};
		3FCFA1432C9093F1001CBD5D /* Release */ = {
			isa = XCBuildConfiguration;
			buildSettings = {
				ALWAYS_EMBED_SWIFT_STANDARD_LIBRARIES = YES;
				CODE_SIGN_STYLE = Automatic;
				CURRENT_PROJECT_VERSION = 1;
				DEVELOPMENT_TEAM = H5C69S73A4;
				GENERATE_INFOPLIST_FILE = YES;
				MARKETING_VERSION = 1.0;
				PRODUCT_BUNDLE_IDENTIFIER = com.example.kclay.linking3UITests;
				PRODUCT_NAME = "$(TARGET_NAME)";
				SWIFT_EMIT_LOC_STRINGS = NO;
				SWIFT_VERSION = 5.0;
				TARGETED_DEVICE_FAMILY = "1,2";
				TEST_TARGET_NAME = linking3;
			};
			name = Release;
		};
/* End XCBuildConfiguration section */

/* Begin XCConfigurationList section */
		3FCFA1122C9093F0001CBD5D /* Build configuration list for PBXProject "linking3" */ = {
			isa = XCConfigurationList;
			buildConfigurations = (
				3FCFA1392C9093F1001CBD5D /* Debug */,
				3FCFA13A2C9093F1001CBD5D /* Release */,
			);
			defaultConfigurationIsVisible = 0;
			defaultConfigurationName = Release;
		};
		3FCFA13B2C9093F1001CBD5D /* Build configuration list for PBXNativeTarget "linking3" */ = {
			isa = XCConfigurationList;
			buildConfigurations = (
				3FCFA13C2C9093F1001CBD5D /* Debug */,
				3FCFA13D2C9093F1001CBD5D /* Release */,
			);
			defaultConfigurationIsVisible = 0;
			defaultConfigurationName = Release;
		};
		3FCFA13E2C9093F1001CBD5D /* Build configuration list for PBXNativeTarget "linking3Tests" */ = {
			isa = XCConfigurationList;
			buildConfigurations = (
				3FCFA13F2C9093F1001CBD5D /* Debug */,
				3FCFA1402C9093F1001CBD5D /* Release */,
			);
			defaultConfigurationIsVisible = 0;
			defaultConfigurationName = Release;
		};
		3FCFA1412C9093F1001CBD5D /* Build configuration list for PBXNativeTarget "linking3UITests" */ = {
			isa = XCConfigurationList;
			buildConfigurations = (
				3FCFA1422C9093F1001CBD5D /* Debug */,
				3FCFA1432C9093F1001CBD5D /* Release */,
			);
			defaultConfigurationIsVisible = 0;
			defaultConfigurationName = Release;
		};
/* End XCConfigurationList section */
	};
	rootObject = 3FCFA10F2C9093F0001CBD5D /* Project object */;
}
